
Microsoft Visual Studio Solution File, Format Version 12.00
# Visual Studio Version 17
VisualStudioVersion = 17.8.34330.188
MinimumVisualStudioVersion = 10.0.40219.1
Project("{9A19103F-16F7-4668-BE54-9A1E7A4F7556}") = "hello_world_api_ui", "hello_world_api_ui\hello_world_api_ui.csproj", "{3BC17E17-9573-4857-B503-A7F9C15E7F5D}"
EndProject
Project("{9A19103F-16F7-4668-BE54-9A1E7A4F7556}") = "HelloWebAPI", "HelloWebAPI\HelloWebAPI.csproj", "{18EEB175-00A4-4729-9EC7-FE9D4ABF9072}"
EndProject
Project("{9A19103F-16F7-4668-BE54-9A1E7A4F7556}") = "Logging", "Logging\Logging.csproj", "{39A0A8BC-87A1-4E68-9074-CB096E95E6C9}"
EndProject
Project("{9A19103F-16F7-4668-BE54-9A1E7A4F7556}") = "BookApplication.WebApi", "BookApplication\BookApplication.WebApi.csproj", "{7490D991-6BBD-42B6-96E4-7FCB9D319CB8}"
EndProject
Project("{9A19103F-16F7-4668-BE54-9A1E7A4F7556}") = "BookApplication.Data", "BookApplication.Data\BookApplication.Data.csproj", "{D62731D2-653A-4967-803B-C81C25FC7472}"
EndProject
Project("{9A19103F-16F7-4668-BE54-9A1E7A4F7556}") = "BookApplication.Services", "BookApplication.Services\BookApplication.Services.csproj", "{FD0016BA-E7DD-4B0A-B0FB-54A6C0F61776}"
EndProject
Project("{2150E333-8FDC-42A3-9474-1A3956D46DE8}") = "Projects", "Projects", "{63BF4958-6356-4E0E-8265-10BDE8E68F5E}"
EndProject
Project("{2150E333-8FDC-42A3-9474-1A3956D46DE8}") = "BookAplication.jquery", "BookAplication.jquery", "{C1FBC2F1-4B22-4879-BDD3-FD6272A19477}"
EndProject
Project("{2150E333-8FDC-42A3-9474-1A3956D46DE8}") = "CSS", "CSS", "{6D89EB08-A702-4D45-9B98-FBB29AF9AE85}"
	ProjectSection(SolutionItems) = preProject
		booksTable.css = booksTable.css
		main.css = main.css
	EndProjectSection
EndProject
Project("{2150E333-8FDC-42A3-9474-1A3956D46DE8}") = "Scripts", "Scripts", "{3C75060D-BC26-431F-B40A-0272A603CF8D}"
	ProjectSection(SolutionItems) = preProject
		create.js = create.js
		delete.js = delete.js
		login.js = login.js
		qrcode.js = qrcode.js
		register.js = register.js
		script.js = script.js
		update.js = update.js
	EndProjectSection
EndProject
Project("{2150E333-8FDC-42A3-9474-1A3956D46DE8}") = "Views", "Views", "{78793679-8EA1-4EFB-B7B7-9910CB2B42C7}"
	ProjectSection(SolutionItems) = preProject
		booksTable.html = booksTable.html
		create.html = create.html
		GetById.html = GetById.html
		index.html = index.html
		Login.html = Login.html
		qrcode.html = qrcode.html
		register.html = register.html
		updateBook.html = updateBook.html
	EndProjectSection
EndProject
Global
	GlobalSection(SolutionConfigurationPlatforms) = preSolution
		Debug|Any CPU = Debug|Any CPU
		Release|Any CPU = Release|Any CPU
	EndGlobalSection
	GlobalSection(ProjectConfigurationPlatforms) = postSolution
		{3BC17E17-9573-4857-B503-A7F9C15E7F5D}.Debug|Any CPU.ActiveCfg = Debug|Any CPU
		{3BC17E17-9573-4857-B503-A7F9C15E7F5D}.Debug|Any CPU.Build.0 = Debug|Any CPU
		{3BC17E17-9573-4857-B503-A7F9C15E7F5D}.Release|Any CPU.ActiveCfg = Release|Any CPU
		{3BC17E17-9573-4857-B503-A7F9C15E7F5D}.Release|Any CPU.Build.0 = Release|Any CPU
		{18EEB175-00A4-4729-9EC7-FE9D4ABF9072}.Debug|Any CPU.ActiveCfg = Debug|Any CPU
		{18EEB175-00A4-4729-9EC7-FE9D4ABF9072}.Debug|Any CPU.Build.0 = Debug|Any CPU
		{18EEB175-00A4-4729-9EC7-FE9D4ABF9072}.Release|Any CPU.ActiveCfg = Release|Any CPU
		{18EEB175-00A4-4729-9EC7-FE9D4ABF9072}.Release|Any CPU.Build.0 = Release|Any CPU
		{39A0A8BC-87A1-4E68-9074-CB096E95E6C9}.Debug|Any CPU.ActiveCfg = Debug|Any CPU
		{39A0A8BC-87A1-4E68-9074-CB096E95E6C9}.Debug|Any CPU.Build.0 = Debug|Any CPU
		{39A0A8BC-87A1-4E68-9074-CB096E95E6C9}.Release|Any CPU.ActiveCfg = Release|Any CPU
		{39A0A8BC-87A1-4E68-9074-CB096E95E6C9}.Release|Any CPU.Build.0 = Release|Any CPU
		{7490D991-6BBD-42B6-96E4-7FCB9D319CB8}.Debug|Any CPU.ActiveCfg = Debug|Any CPU
		{7490D991-6BBD-42B6-96E4-7FCB9D319CB8}.Debug|Any CPU.Build.0 = Debug|Any CPU
		{7490D991-6BBD-42B6-96E4-7FCB9D319CB8}.Release|Any CPU.ActiveCfg = Release|Any CPU
		{7490D991-6BBD-42B6-96E4-7FCB9D319CB8}.Release|Any CPU.Build.0 = Release|Any CPU
		{D62731D2-653A-4967-803B-C81C25FC7472}.Debug|Any CPU.ActiveCfg = Debug|Any CPU
		{D62731D2-653A-4967-803B-C81C25FC7472}.Debug|Any CPU.Build.0 = Debug|Any CPU
		{D62731D2-653A-4967-803B-C81C25FC7472}.Release|Any CPU.ActiveCfg = Release|Any CPU
		{D62731D2-653A-4967-803B-C81C25FC7472}.Release|Any CPU.Build.0 = Release|Any CPU
		{FD0016BA-E7DD-4B0A-B0FB-54A6C0F61776}.Debug|Any CPU.ActiveCfg = Debug|Any CPU
		{FD0016BA-E7DD-4B0A-B0FB-54A6C0F61776}.Debug|Any CPU.Build.0 = Debug|Any CPU
		{FD0016BA-E7DD-4B0A-B0FB-54A6C0F61776}.Release|Any CPU.ActiveCfg = Release|Any CPU
		{FD0016BA-E7DD-4B0A-B0FB-54A6C0F61776}.Release|Any CPU.Build.0 = Release|Any CPU
	EndGlobalSection
	GlobalSection(SolutionProperties) = preSolution
		HideSolutionNode = FALSE
	EndGlobalSection
	GlobalSection(NestedProjects) = preSolution
		{3BC17E17-9573-4857-B503-A7F9C15E7F5D} = {63BF4958-6356-4E0E-8265-10BDE8E68F5E}
		{18EEB175-00A4-4729-9EC7-FE9D4ABF9072} = {63BF4958-6356-4E0E-8265-10BDE8E68F5E}
		{39A0A8BC-87A1-4E68-9074-CB096E95E6C9} = {63BF4958-6356-4E0E-8265-10BDE8E68F5E}
		{6D89EB08-A702-4D45-9B98-FBB29AF9AE85} = {C1FBC2F1-4B22-4879-BDD3-FD6272A19477}
		{3C75060D-BC26-431F-B40A-0272A603CF8D} = {C1FBC2F1-4B22-4879-BDD3-FD6272A19477}
		{78793679-8EA1-4EFB-B7B7-9910CB2B42C7} = {C1FBC2F1-4B22-4879-BDD3-FD6272A19477}
	EndGlobalSection
	GlobalSection(ExtensibilityGlobals) = postSolution
		SolutionGuid = {032B4195-C298-4AB7-8A3F-BFB0724550F6}
	EndGlobalSection
EndGlobal
