
Microsoft Visual Studio Solution File, Format Version 12.00
# Visual Studio Version 17
VisualStudioVersion = 17.8.34330.188
MinimumVisualStudioVersion = 10.0.40219.1
Project("{9A19103F-16F7-4668-BE54-9A1E7A4F7556}") = "hello_world_api_ui", "hello_world_api_ui\hello_world_api_ui.csproj", "{3BC17E17-9573-4857-B503-A7F9C15E7F5D}"
EndProject
Project("{9A19103F-16F7-4668-BE54-9A1E7A4F7556}") = "HelloWebAPI", "HelloWebAPI\HelloWebAPI.csproj", "{18EEB175-00A4-4729-9EC7-FE9D4ABF9072}"
EndProject
Project("{FAE04EC0-301F-11D3-BF4B-00C04F79EFBC}") = "Logging", "Logging\Logging.csproj", "{39A0A8BC-87A1-4E68-9074-CB096E95E6C9}"
EndProject
Global
	GlobalSection(SolutionConfigurationPlatforms) = preSolution
		Debug|Any CPU = Debug|Any CPU
		Release|Any CPU = Release|Any CPU
	EndGlobalSection
	GlobalSection(ProjectConfigurationPlatforms) = postSolution
		{3BC17E17-9573-4857-B503-A7F9C15E7F5D}.Debug|Any CPU.ActiveCfg = Debug|Any CPU
		{3BC17E17-9573-4857-B503-A7F9C15E7F5D}.Debug|Any CPU.Build.0 = Debug|Any CPU
		{3BC17E17-9573-4857-B503-A7F9C15E7F5D}.Release|Any CPU.ActiveCfg = Release|Any CPU
		{3BC17E17-9573-4857-B503-A7F9C15E7F5D}.Release|Any CPU.Build.0 = Release|Any CPU
		{18EEB175-00A4-4729-9EC7-FE9D4ABF9072}.Debug|Any CPU.ActiveCfg = Debug|Any CPU
		{18EEB175-00A4-4729-9EC7-FE9D4ABF9072}.Debug|Any CPU.Build.0 = Debug|Any CPU
		{18EEB175-00A4-4729-9EC7-FE9D4ABF9072}.Release|Any CPU.ActiveCfg = Release|Any CPU
		{18EEB175-00A4-4729-9EC7-FE9D4ABF9072}.Release|Any CPU.Build.0 = Release|Any CPU
		{39A0A8BC-87A1-4E68-9074-CB096E95E6C9}.Debug|Any CPU.ActiveCfg = Debug|Any CPU
		{39A0A8BC-87A1-4E68-9074-CB096E95E6C9}.Debug|Any CPU.Build.0 = Debug|Any CPU
		{39A0A8BC-87A1-4E68-9074-CB096E95E6C9}.Release|Any CPU.ActiveCfg = Release|Any CPU
		{39A0A8BC-87A1-4E68-9074-CB096E95E6C9}.Release|Any CPU.Build.0 = Release|Any CPU
	EndGlobalSection
	GlobalSection(SolutionProperties) = preSolution
		HideSolutionNode = FALSE
	EndGlobalSection
	GlobalSection(ExtensibilityGlobals) = postSolution
		SolutionGuid = {032B4195-C298-4AB7-8A3F-BFB0724550F6}
	EndGlobalSection
EndGlobal
